// !$*UTF8*$!
{
	archiveVersion = 1;
	classes = {
	};
	objectVersion = 46;
	objects = {

/* Begin PBXBuildFile section */
		CBB8E2561F307A60009BCA3D /* AppDelegate.swift in Sources */ = {isa = PBXBuildFile; fileRef = CBB8E2551F307A60009BCA3D /* AppDelegate.swift */; };
		CBB8E2581F307A60009BCA3D /* ViewController.swift in Sources */ = {isa = PBXBuildFile; fileRef = CBB8E2571F307A60009BCA3D /* ViewController.swift */; };
		CBB8E25B1F307A60009BCA3D /* Main.storyboard in Resources */ = {isa = PBXBuildFile; fileRef = CBB8E2591F307A60009BCA3D /* Main.storyboard */; };
		CBB8E25D1F307A60009BCA3D /* Assets.xcassets in Resources */ = {isa = PBXBuildFile; fileRef = CBB8E25C1F307A60009BCA3D /* Assets.xcassets */; };
		CBB8E2601F307A61009BCA3D /* LaunchScreen.storyboard in Resources */ = {isa = PBXBuildFile; fileRef = CBB8E25E1F307A61009BCA3D /* LaunchScreen.storyboard */; };
/* End PBXBuildFile section */

/* Begin PBXFileReference section */
		CBB8E2521F307A5D009BCA3D /* FunFacts.app */ = {isa = PBXFileReference; explicitFileType = wrapper.application; includeInIndex = 0; path = FunFacts.app; sourceTree = BUILT_PRODUCTS_DIR; };
		CBB8E2551F307A60009BCA3D /* AppDelegate.swift */ = {isa = PBXFileReference; lastKnownFileType = sourcecode.swift; path = AppDelegate.swift; sourceTree = "<group>"; };
		CBB8E2571F307A60009BCA3D /* ViewController.swift */ = {isa = PBXFileReference; lastKnownFileType = sourcecode.swift; path = ViewController.swift; sourceTree = "<group>"; };
		CBB8E25A1F307A60009BCA3D /* Base */ = {isa = PBXFileReference; lastKnownFileType = file.storyboard; name = Base; path = Base.lproj/Main.storyboard; sourceTree = "<group>"; };
		CBB8E25C1F307A60009BCA3D /* Assets.xcassets */ = {isa = PBXFileReference; lastKnownFileType = folder.assetcatalog; path = Assets.xcassets; sourceTree = "<group>"; };
		CBB8E25F1F307A61009BCA3D /* Base */ = {isa = PBXFileReference; lastKnownFileType = file.storyboard; name = Base; path = Base.lproj/LaunchScreen.storyboard; sourceTree = "<group>"; };
		CBB8E2611F307A62009BCA3D /* Info.plist */ = {isa = PBXFileReference; lastKnownFileType = text.plist.xml; path = Info.plist; sourceTree = "<group>"; };
/* End PBXFileReference section */

/* Begin PBXFrameworksBuildPhase section */
		CBB8E24F1F307A5D009BCA3D /* Frameworks */ = {
			isa = PBXFrameworksBuildPhase;
			buildActionMask = 2147483647;
			files = (
			);
			runOnlyForDeploymentPostprocessing = 0;
		};
/* End PBXFrameworksBuildPhase section */

/* Begin PBXGroup section */
		CBB8E2491F307A5B009BCA3D = {
			isa = PBXGroup;
			children = (
				CBB8E2541F307A5F009BCA3D /* FunFacts */,
				CBB8E2531F307A5D009BCA3D /* Products */,
			);
			sourceTree = "<group>";
		};
		CBB8E2531F307A5D009BCA3D /* Products */ = {
			isa = PBXGroup;
			children = (
				CBB8E2521F307A5D009BCA3D /* FunFacts.app */,
			);
			name = Products;
			sourceTree = "<group>";
		};
		CBB8E2541F307A5F009BCA3D /* FunFacts */ = {
			isa = PBXGroup;
			children = (
				CBB8E2551F307A60009BCA3D /* AppDelegate.swift */,
				CBB8E2571F307A60009BCA3D /* ViewController.swift */,
				CBB8E2591F307A60009BCA3D /* Main.storyboard */,
				CBB8E25C1F307A60009BCA3D /* Assets.xcassets */,
				CBB8E25E1F307A61009BCA3D /* LaunchScreen.storyboard */,
				CBB8E2611F307A62009BCA3D /* Info.plist */,
			);
			path = FunFacts;
			sourceTree = "<group>";
		};
/* End PBXGroup section */

/* Begin PBXNativeTarget section */
		CBB8E2511F307A5D009BCA3D /* FunFacts */ = {
			isa = PBXNativeTarget;
			buildConfigurationList = CBB8E2641F307A62009BCA3D /* Build configuration list for PBXNativeTarget "FunFacts" */;
			buildPhases = (
				CBB8E24E1F307A5D009BCA3D /* Sources */,
				CBB8E24F1F307A5D009BCA3D /* Frameworks */,
				CBB8E2501F307A5D009BCA3D /* Resources */,
			);
			buildRules = (
			);
			dependencies = (
			);
			name = FunFacts;
			productName = FunFacts;
			productReference = CBB8E2521F307A5D009BCA3D /* FunFacts.app */;
			productType = "com.apple.product-type.application";
		};
/* End PBXNativeTarget section */

/* Begin PBXProject section */
		CBB8E24A1F307A5B009BCA3D /* Project object */ = {
			isa = PBXProject;
			attributes = {
				LastSwiftUpdateCheck = 0730;
				LastUpgradeCheck = 0730;
				ORGANIZATIONNAME = Anish;
				TargetAttributes = {
					CBB8E2511F307A5D009BCA3D = {
						CreatedOnToolsVersion = 7.3;
					};
				};
			};
			buildConfigurationList = CBB8E24D1F307A5C009BCA3D /* Build configuration list for PBXProject "FunFacts" */;
			compatibilityVersion = "Xcode 3.2";
			developmentRegion = English;
			hasScannedForEncodings = 0;
			knownRegions = (
				en,
				Base,
			);
			mainGroup = CBB8E2491F307A5B009BCA3D;
			productRefGroup = CBB8E2531F307A5D009BCA3D /* Products */;
			projectDirPath = "";
			projectRoot = "";
			targets = (
				CBB8E2511F307A5D009BCA3D /* FunFacts */,
			);
		};
/* End PBXProject section */

/* Begin PBXResourcesBuildPhase section */
		CBB8E2501F307A5D009BCA3D /* Resources */ = {
			isa = PBXResourcesBuildPhase;
			buildActionMask = 2147483647;
			files = (
				CBB8E2601F307A61009BCA3D /* LaunchScreen.storyboard in Resources */,
				CBB8E25D1F307A60009BCA3D /* Assets.xcassets in Resources */,
				CBB8E25B1F307A60009BCA3D /* Main.storyboard in Resources */,
			);
			runOnlyForDeploymentPostprocessing = 0;
		};
/* End PBXResourcesBuildPhase section */

/* Begin PBXSourcesBuildPhase section */
		CBB8E24E1F307A5D009BCA3D /* Sources */ = {
			isa = PBXSourcesBuildPhase;
			buildActionMask = 2147483647;
			files = (
				CBB8E2581F307A60009BCA3D /* ViewController.swift in Sources */,
				CBB8E2561F307A60009BCA3D /* AppDelegate.swift in Sources */,
			);
			runOnlyForDeploymentPostprocessing = 0;
		};
/* End PBXSourcesBuildPhase section */

/* Begin PBXVariantGroup section */
		CBB8E2591F307A60009BCA3D /* Main.storyboard */ = {
			isa = PBXVariantGroup;
			children = (
				CBB8E25A1F307A60009BCA3D /* Base */,
			);
			name = Main.storyboard;
			sourceTree = "<group>";
		};
		CBB8E25E1F307A61009BCA3D /* LaunchScreen.storyboard */ = {
			isa = PBXVariantGroup;
			children = (
				CBB8E25F1F307A61009BCA3D /* Base */,
			);
			name = LaunchScreen.storyboard;
			sourceTree = "<group>";
		};
/* End PBXVariantGroup section */

/* Begin XCBuildConfiguration section */
		CBB8E2621F307A62009BCA3D /* Debug */ = {
			isa = XCBuildConfiguration;
			buildSettings = {
				ALWAYS_SEARCH_USER_PATHS = NO;
				CLANG_ANALYZER_NONNULL = YES;
				CLANG_CXX_LANGUAGE_STANDARD = "gnu++0x";
				CLANG_CXX_LIBRARY = "libc++";
				CLANG_ENABLE_MODULES = YES;
				CLANG_ENABLE_OBJC_ARC = YES;
				CLANG_WARN_BOOL_CONVERSION = YES;
				CLANG_WARN_CONSTANT_CONVERSION = YES;
				CLANG_WARN_DIRECT_OBJC_ISA_USAGE = YES_ERROR;
				CLANG_WARN_EMPTY_BODY = YES;
				CLANG_WARN_ENUM_CONVERSION = YES;
				CLANG_WARN_INT_CONVERSION = YES;
				CLANG_WARN_OBJC_ROOT_CLASS = YES_ERROR;
				CLANG_WARN_UNREACHABLE_CODE = YES;
				CLANG_WARN__DUPLICATE_METHOD_MATCH = YES;
				"CODE_SIGN_IDENTITY[sdk=iphoneos*]" = "iPhone Developer";
				COPY_PHASE_STRIP = NO;
				DEBUG_INFORMATION_FORMAT = dwarf;
				ENABLE_STRICT_OBJC_MSGSEND = YES;
				ENABLE_TESTABILITY = YES;
				GCC_C_LANGUAGE_STANDARD = gnu99;
				GCC_DYNAMIC_NO_PIC = NO;
				GCC_NO_COMMON_BLOCKS = YES;
				GCC_OPTIMIZATION_LEVEL = 0;
				GCC_PREPROCESSOR_DEFINITIONS = (
					"DEBUG=1",
					"$(inherited)",
				);
				GCC_WARN_64_TO_32_BIT_CONVERSION = YES;
				GCC_WARN_ABOUT_RETURN_TYPE = YES_ERROR;
				GCC_WARN_UNDECLARED_SELECTOR = YES;
				GCC_WARN_UNINITIALIZED_AUTOS = YES_AGGRESSIVE;
				GCC_WARN_UNUSED_FUNCTION = YES;
				GCC_WARN_UNUSED_VARIABLE = YES;
				IPHONEOS_DEPLOYMENT_TARGET = 9.3;
				MTL_ENABLE_DEBUG_INFO = YES;
				ONLY_ACTIVE_ARCH = YES;
				SDKROOT = iphoneos;
				SWIFT_OPTIMIZATION_LEVEL = "-Onone";
			};
			name = Debug;
		};
		CBB8E2631F307A62009BCA3D /* Release */ = {
			isa = XCBuildConfiguration;
			buildSettings = {
				ALWAYS_SEARCH_USER_PATHS = NO;
				CLANG_ANALYZER_NONNULL = YES;
				CLANG_CXX_LANGUAGE_STANDARD = "gnu++0x";
				CLANG_CXX_LIBRARY = "libc++";
				CLANG_ENABLE_MODULES = YES;
				CLANG_ENABLE_OBJC_ARC = YES;
				CLANG_WARN_BOOL_CONVERSION = YES;
				CLANG_WARN_CONSTANT_CONVERSION = YES;
				CLANG_WARN_DIRECT_OBJC_ISA_USAGE = YES_ERROR;
				CLANG_WARN_EMPTY_BODY = YES;
				CLANG_WARN_ENUM_CONVERSION = YES;
				CLANG_WARN_INT_CONVERSION = YES;
				CLANG_WARN_OBJC_ROOT_CLASS = YES_ERROR;
				CLANG_WARN_UNREACHABLE_CODE = YES;
				CLANG_WARN__DUPLICATE_METHOD_MATCH = YES;
				"CODE_SIGN_IDENTITY[sdk=iphoneos*]" = "iPhone Developer";
				COPY_PHASE_STRIP = NO;
				DEBUG_INFORMATION_FORMAT = "dwarf-with-dsym";
				ENABLE_NS_ASSERTIONS = NO;
				ENABLE_STRICT_OBJC_MSGSEND = YES;
				GCC_C_LANGUAGE_STANDARD = gnu99;
				GCC_NO_COMMON_BLOCKS = YES;
				GCC_WARN_64_TO_32_BIT_CONVERSION = YES;
				GCC_WARN_ABOUT_RETURN_TYPE = YES_ERROR;
				GCC_WARN_UNDECLARED_SELECTOR = YES;
				GCC_WARN_UNINITIALIZED_AUTOS = YES_AGGRESSIVE;
				GCC_WARN_UNUSED_FUNCTION = YES;
				GCC_WARN_UNUSED_VARIABLE = YES;
				IPHONEOS_DEPLOYMENT_TARGET = 9.3;
				MTL_ENABLE_DEBUG_INFO = NO;
				SDKROOT = iphoneos;
				VALIDATE_PRODUCT = YES;
			};
			name = Release;
		};
		CBB8E2651F307A62009BCA3D /* Debug */ = {
			isa = XCBuildConfiguration;
			buildSettings = {
				ASSETCATALOG_COMPILER_APPICON_NAME = AppIcon;
				INFOPLIST_FILE = FunFacts/Info.plist;
				LD_RUNPATH_SEARCH_PATHS = "$(inherited) @executable_path/Frameworks";
				PRODUCT_BUNDLE_IDENTIFIER = com.Anish.FunFacts;
				PRODUCT_NAME = "$(TARGET_NAME)";
			};
			name = Debug;
		};
		CBB8E2661F307A62009BCA3D /* Release */ = {
			isa = XCBuildConfiguration;
			buildSettings = {
				ASSETCATALOG_COMPILER_APPICON_NAME = AppIcon;
				INFOPLIST_FILE = FunFacts/Info.plist;
				LD_RUNPATH_SEARCH_PATHS = "$(inherited) @executable_path/Frameworks";
				PRODUCT_BUNDLE_IDENTIFIER = com.Anish.FunFacts;
				PRODUCT_NAME = "$(TARGET_NAME)";
			};
			name = Release;
		};
/* End XCBuildConfiguration section */

/* Begin XCConfigurationList section */
		CBB8E24D1F307A5C009BCA3D /* Build configuration list for PBXProject "FunFacts" */ = {
			isa = XCConfigurationList;
			buildConfigurations = (
				CBB8E2621F307A62009BCA3D /* Debug */,
				CBB8E2631F307A62009BCA3D /* Release */,
			);
			defaultConfigurationIsVisible = 0;
			defaultConfigurationName = Release;
		};
		CBB8E2641F307A62009BCA3D /* Build configuration list for PBXNativeTarget "FunFacts" */ = {
			isa = XCConfigurationList;
			buildConfigurations = (
				CBB8E2651F307A62009BCA3D /* Debug */,
				CBB8E2661F307A62009BCA3D /* Release */,
			);
			defaultConfigurationIsVisible = 0;
		};
/* End XCConfigurationList section */
	};
	rootObject = CBB8E24A1F307A5B009BCA3D /* Project object */;
}
